
Microsoft Visual Studio Solution File, Format Version 12.00
# Visual Studio Version 17
VisualStudioVersion = 17.1.32228.430
MinimumVisualStudioVersion = 10.0.40219.1
Project("{FAE04EC0-301F-11D3-BF4B-00C04F79EFBC}") = "NumbersGame", "NumbersGame\NumbersGame.csproj", "{059954B0-4BDB-4F7A-BBE2-91F6C43085BD}"
EndProject
Global
	GlobalSection(SolutionConfigurationPlatforms) = preSolution
		Debug|Any CPU = Debug|Any CPU
		Release|Any CPU = Release|Any CPU
	EndGlobalSection
	GlobalSection(ProjectConfigurationPlatforms) = postSolution
		{059954B0-4BDB-4F7A-BBE2-91F6C43085BD}.Debug|Any CPU.ActiveCfg = Debug|Any CPU
		{059954B0-4BDB-4F7A-BBE2-91F6C43085BD}.Debug|Any CPU.Build.0 = Debug|Any CPU
		{059954B0-4BDB-4F7A-BBE2-91F6C43085BD}.Release|Any CPU.ActiveCfg = Release|Any CPU
		{059954B0-4BDB-4F7A-BBE2-91F6C43085BD}.Release|Any CPU.Build.0 = Release|Any CPU
	EndGlobalSection
	GlobalSection(SolutionProperties) = preSolution
		HideSolutionNode = FALSE
	EndGlobalSection
	GlobalSection(ExtensibilityGlobals) = postSolution
		SolutionGuid = {234813C8-DF22-432C-8BC0-62B8EE5241E6}
	EndGlobalSection
EndGlobal
